Microsoft Visual Studio Solution File, Format Version 11.00
# Visual Studio 2010
Project("{FAE04EC0-301F-11D3-BF4B-00C04F79EFBC}") = "Assembly-CSharp", "Assembly-CSharp.csproj", "{8BB6185D-5652-9D6D-E1FC-518019F1B738}"
EndProject
Project("{FAE04EC0-301F-11D3-BF4B-00C04F79EFBC}") = "Assembly-CSharp-Editor", "Assembly-CSharp-Editor.csproj", "{E7585A77-FF4E-77E7-C9B1-FBF29FD73F9A}"
EndProject
Global
	GlobalSection(SolutionConfigurationPlatforms) = preSolution
		Debug|Any CPU = Debug|Any CPU
		Release|Any CPU = Release|Any CPU
	EndGlobalSection
	GlobalSection(ProjectConfigurationPlatforms) = postSolution
		{8BB6185D-5652-9D6D-E1FC-518019F1B738}.Debug|Any CPU.ActiveCfg = Debug|Any CPU
		{8BB6185D-5652-9D6D-E1FC-518019F1B738}.Debug|Any CPU.Build.0 = Debug|Any CPU
		{8BB6185D-5652-9D6D-E1FC-518019F1B738}.Release|Any CPU.ActiveCfg = Release|Any CPU
		{8BB6185D-5652-9D6D-E1FC-518019F1B738}.Release|Any CPU.Build.0 = Release|Any CPU
		{E7585A77-FF4E-77E7-C9B1-FBF29FD73F9A}.Debug|Any CPU.ActiveCfg = Debug|Any CPU
		{E7585A77-FF4E-77E7-C9B1-FBF29FD73F9A}.Debug|Any CPU.Build.0 = Debug|Any CPU
		{E7585A77-FF4E-77E7-C9B1-FBF29FD73F9A}.Release|Any CPU.ActiveCfg = Release|Any CPU
		{E7585A77-FF4E-77E7-C9B1-FBF29FD73F9A}.Release|Any CPU.Build.0 = Release|Any CPU
	EndGlobalSection
	GlobalSection(SolutionProperties) = preSolution
		HideSolutionNode = FALSE
	EndGlobalSection
	GlobalSection(MonoDevelopProperties) = preSolution
		StartupItem = Assembly-CSharp.csproj
	EndGlobalSection
EndGlobal
